<?xml version="1.0" encoding="utf-8"?>
<Project ToolsVersion="4.0" xmlns="http://schemas.microsoft.com/developer/msbuild/2003">
  <ItemGroup>
    <Filter Include="Source Files">
      <UniqueIdentifier>{4FC737F1-C7A5-4376-A066-2A32D752A2FF}</UniqueIdentifier>
      <Extensions>cpp;c;cc;cxx;def;odl;idl;hpj;bat;asm;asmx</Extensions>
    </Filter>
    <Filter Include="Header Files">
      <UniqueIdentifier>{93995380-89BD-4b04-88EB-625FBE52EBFB}</UniqueIdentifier>
      <Extensions>h;hh;hpp;hxx;hm;inl;inc;ipp;xsd</Extensions>
    </Filter>
    <Filter Include="Resource Files">
      <UniqueIdentifier>{67DA6AB6-F800-4c08-8B7A-83BB121AAD01}</UniqueIdentifier>
      <Extensions>rc;ico;cur;bmp;dlg;rc2;rct;bin;rgs;gif;jpg;jpeg;jpe;resx;tiff;tif;png;wav;mfcribbon-ms</Extensions>
    </Filter>
    <Filter Include="Source Files\scripts">
      <UniqueIdentifier>{c0885d26-d548-48ce-9cd9-d002cf342d3c}</UniqueIdentifier>
    </Filter>
    <Filter Include="Source Files\Scenes">
      <UniqueIdentifier>{d938cb7b-a349-4890-bb6b-a7722ed02f0a}</UniqueIdentifier>
    </Filter>
    <Filter Include="Source Files\States">
      <UniqueIdentifier>{82dad096-bbc2-4a4b-af95-d9dcf26e1e0b}</UniqueIdentifier>
    </Filter>
  </ItemGroup>
  <ItemGroup>
    <ClInclude Include="pch.h">
      <Filter>Header Files</Filter>
    </ClInclude>
    <ClInclude Include="TestScript.h">
      <Filter>Source Files\scripts</Filter>
    </ClInclude>
    <ClInclude Include="TestScene.h">
      <Filter>Source Files\Scenes</Filter>
    </ClInclude>
    <ClInclude Include="Level1.h">
      <Filter>Source Files\Scenes</Filter>
    </ClInclude>
    <ClInclude Include="IdleState.h">
      <Filter>Source Files\States</Filter>
    </ClInclude>
    <ClInclude Include="MoveState.h">
      <Filter>Source Files\States</Filter>
    </ClInclude>
    <ClInclude Include="helpers.h">
      <Filter>Source Files</Filter>
    </ClInclude>
    <ClInclude Include="BlockIdleSate.h">
      <Filter>Source Files\States</Filter>
    </ClInclude>
    <ClInclude Include="BlockScript.h">
      <Filter>Source Files\scripts</Filter>
    </ClInclude>
    <ClInclude Include="PushedState.h">
      <Filter>Source Files\States</Filter>
    </ClInclude>
    <ClInclude Include="PlayerScript.h">
      <Filter>Source Files\scripts</Filter>
    </ClInclude>
    <ClInclude Include="PushState.h">
      <Filter>Source Files\States</Filter>
    </ClInclude>
    <ClInclude Include="BreakState.h">
      <Filter>Source Files\States</Filter>
    </ClInclude>
    <ClInclude Include="SnobeeScript.h">
      <Filter>Source Files\scripts</Filter>
    </ClInclude>
    <ClInclude Include="SnobeeIdleState.h">
      <Filter>Source Files\States</Filter>
    </ClInclude>
    <ClInclude Include="SnobeeManagerScript.h">
      <Filter>Source Files\scripts</Filter>
    </ClInclude>
    <ClInclude Include="PlayerManagerScript.h">
      <Filter>Source Files\scripts</Filter>
    </ClInclude>
    <ClInclude Include="ScoreScript.h">
      <Filter>Source Files\scripts</Filter>
    </ClInclude>
  </ItemGroup>
  <ItemGroup>
    <ClCompile Include="pch.cpp">
      <Filter>Source Files</Filter>
    </ClCompile>
    <ClCompile Include="TestScript.cpp">
      <Filter>Source Files\scripts</Filter>
    </ClCompile>
    <ClCompile Include="Pengo.cpp">
      <Filter>Source Files</Filter>
    </ClCompile>
    <ClCompile Include="TestScene.cpp">
      <Filter>Source Files\Scenes</Filter>
    </ClCompile>
    <ClCompile Include="Level1.cpp">
      <Filter>Source Files\Scenes</Filter>
    </ClCompile>
    <ClCompile Include="IdleState.cpp">
      <Filter>Source Files\States</Filter>
    </ClCompile>
    <ClCompile Include="MoveState.cpp">
      <Filter>Source Files\States</Filter>
    </ClCompile>
    <ClCompile Include="BlockIdleSate.cpp">
      <Filter>Source Files\States</Filter>
    </ClCompile>
    <ClCompile Include="BlockScript.cpp">
      <Filter>Source Files\scripts</Filter>
    </ClCompile>
    <ClCompile Include="PushedState.cpp">
      <Filter>Source Files\States</Filter>
    </ClCompile>
    <ClCompile Include="PlayerScript.cpp">
      <Filter>Source Files\scripts</Filter>
    </ClCompile>
    <ClCompile Include="PushState.cpp">
      <Filter>Source Files\States</Filter>
    </ClCompile>
    <ClCompile Include="BreakState.cpp">
      <Filter>Source Files\States</Filter>
    </ClCompile>
    <ClCompile Include="SnobeeScript.cpp">
      <Filter>Source Files\scripts</Filter>
    </ClCompile>
    <ClCompile Include="SnobeeIdleState.cpp">
      <Filter>Source Files\States</Filter>
    </ClCompile>
    <ClCompile Include="SnobeeManagerScript.cpp">
      <Filter>Source Files\scripts</Filter>
    </ClCompile>
    <ClCompile Include="PlayerManagerScript.cpp">
      <Filter>Source Files\scripts</Filter>
    </ClCompile>
    <ClCompile Include="ScoreScript.cpp">
      <Filter>Source Files\scripts</Filter>
    </ClCompile>
  </ItemGroup>
</Project>